
Microsoft Visual Studio Solution File, Format Version 12.00
# Visual Studio Version 17
VisualStudioVersion = 17.5.002.0
MinimumVisualStudioVersion = 10.0.40219.1
Project("{9A19103F-16F7-4668-BE54-9A1E7A4F7556}") = "api_dotnet", "api_dotnet.csproj", "{08F1C447-B476-420C-AB18-614439E240EF}"
EndProject
Global
	GlobalSection(SolutionConfigurationPlatforms) = preSolution
		Debug|Any CPU = Debug|Any CPU
		Release|Any CPU = Release|Any CPU
	EndGlobalSection
	GlobalSection(ProjectConfigurationPlatforms) = postSolution
		{08F1C447-B476-420C-AB18-614439E240EF}.Debug|Any CPU.ActiveCfg = Debug|Any CPU
		{08F1C447-B476-420C-AB18-614439E240EF}.Debug|Any CPU.Build.0 = Debug|Any CPU
		{08F1C447-B476-420C-AB18-614439E240EF}.Release|Any CPU.ActiveCfg = Release|Any CPU
		{08F1C447-B476-420C-AB18-614439E240EF}.Release|Any CPU.Build.0 = Release|Any CPU
	EndGlobalSection
	GlobalSection(SolutionProperties) = preSolution
		HideSolutionNode = FALSE
	EndGlobalSection
	GlobalSection(ExtensibilityGlobals) = postSolution
		SolutionGuid = {6A3B19E7-3801-4B1E-B146-9C2CECEED3F4}
	EndGlobalSection
EndGlobal
